
Microsoft Visual Studio Solution File, Format Version 12.00
# Visual Studio Version 17
VisualStudioVersion = 17.7.34024.191
MinimumVisualStudioVersion = 10.0.40219.1
Project("{FAE04EC0-301F-11D3-BF4B-00C04F79EFBC}") = "HW14", "HW14\HW14.csproj", "{6B748D89-C9AE-4DAA-94E9-C00DB9298CB4}"
EndProject
Global
	GlobalSection(SolutionConfigurationPlatforms) = preSolution
		Debug|Any CPU = Debug|Any CPU
		Release|Any CPU = Release|Any CPU
	EndGlobalSection
	GlobalSection(ProjectConfigurationPlatforms) = postSolution
		{6B748D89-C9AE-4DAA-94E9-C00DB9298CB4}.Debug|Any CPU.ActiveCfg = Debug|Any CPU
		{6B748D89-C9AE-4DAA-94E9-C00DB9298CB4}.Debug|Any CPU.Build.0 = Debug|Any CPU
		{6B748D89-C9AE-4DAA-94E9-C00DB9298CB4}.Release|Any CPU.ActiveCfg = Release|Any CPU
		{6B748D89-C9AE-4DAA-94E9-C00DB9298CB4}.Release|Any CPU.Build.0 = Release|Any CPU
	EndGlobalSection
	GlobalSection(SolutionProperties) = preSolution
		HideSolutionNode = FALSE
	EndGlobalSection
	GlobalSection(ExtensibilityGlobals) = postSolution
		SolutionGuid = {4FD8CB00-CCAF-4E80-BB85-D6F754368BFC}
	EndGlobalSection
EndGlobal
